{
  "version": 4,
  "terraform_version": "1.8.2",
  "serial": 18,
  "lineage": "13536ed0-e1f2-0fec-629d-ff91ccc44d3c",
  "outputs": {},
  "resources": [
    {
      "mode": "managed",
      "type": "proxmox_virtual_environment_container",
      "name": "LXC_Ubuntu_DMZ",
      "provider": "provider[\"registry.terraform.io/bpg/proxmox\"]",
      "instances": [
        {
          "index_key": 0,
          "schema_version": 0,
          "attributes": {
            "clone": [],
            "console": [],
            "cpu": [
              {
                "architecture": "amd64",
                "cores": 2,
                "units": 1024
              }
            ],
            "description": "",
            "disk": [
              {
                "datastore_id": "local",
                "size": 10
              }
            ],
            "features": [],
            "hook_script_file_id": null,
            "id": "300",
            "initialization": [
              {
                "dns": [
                  {
                    "domain": "10.0.0.250",
                    "server": "",
                    "servers": [
                      "10.0.0.250"
                    ]
                  }
                ],
                "hostname": "LXC-ubuntu-dmz-1",
                "ip_config": [
                  {
                    "ipv4": [
                      {
                        "address": "192.168.1.102/24",
                        "gateway": "192.168.1.1"
                      }
                    ],
                    "ipv6": []
                  },
                  {
                    "ipv4": [
                      {
                        "address": "192.168.3.101/24",
                        "gateway": "192.168.3.100"
                      }
                    ],
                    "ipv6": []
                  }
                ],
                "user_account": [
                  {
                    "keys": [
                      "ssh-ed25519 AAAAC3NzaC1lZDI1NTE5AAAAIAlGhVOjcg+fhOQnF5UXgTfCJr2lTSRdmJO5zeDxcEbR root@tfg2010",
                      "ssh-ed25519 AAAAC3NzaC1lZDI1NTE5AAAAIKskyaMLTz3C97I8k1gGQLWu/oxrNfBESq241A68GCbN ansible@tfg2010"
                    ],
                    "password": "Root1Root1"
                  }
                ]
              }
            ],
            "memory": [
              {
                "dedicated": 512,
                "swap": 0
              }
            ],
            "mount_point": [],
            "network_interface": [
              {
                "bridge": "vmbr0",
                "enabled": true,
                "firewall": false,
                "mac_address": "BC:24:11:0C:B2:D5",
                "mtu": 0,
                "name": "eth0",
                "rate_limit": 0,
                "vlan_id": 0
              },
              {
                "bridge": "vmbr0",
                "enabled": true,
                "firewall": false,
                "mac_address": "BC:24:11:0C:F2:5E",
                "mtu": 0,
                "name": "eth1",
                "rate_limit": 0,
                "vlan_id": 0
              }
            ],
            "node_name": "tfg2010",
            "operating_system": [
              {
                "template_file_id": "local:vztmpl/ubuntu-22.04-standard_22.04-1_amd64.tar.zst",
                "type": "ubuntu"
              }
            ],
            "pool_id": null,
            "start_on_boot": true,
            "started": true,
            "startup": [],
            "tags": null,
            "template": false,
            "timeout_clone": 1800,
            "timeout_create": 3000,
            "timeout_delete": 60,
            "timeout_start": 300,
            "timeout_update": 1800,
            "unprivileged": false,
            "vm_id": 300
          },
          "sensitive_attributes": [
            [
              {
                "type": "get_attr",
                "value": "initialization"
              },
              {
                "type": "index",
                "value": {
                  "value": 0,
                  "type": "number"
                }
              },
              {
                "type": "get_attr",
                "value": "user_account"
              },
              {
                "type": "index",
                "value": {
                  "value": 0,
                  "type": "number"
                }
              },
              {
                "type": "get_attr",
                "value": "password"
              }
            ]
          ],
          "private": "bnVsbA==",
          "dependencies": [
            "proxmox_virtual_environment_vm.VM_Kali_Attacker"
          ]
        }
      ]
    },
    {
      "mode": "managed",
      "type": "proxmox_virtual_environment_container",
      "name": "LXC_Ubuntu_Router",
      "provider": "provider[\"registry.terraform.io/bpg/proxmox\"]",
      "instances": [
        {
          "index_key": 0,
          "schema_version": 0,
          "attributes": {
            "clone": [],
            "console": [],
            "cpu": [
              {
                "architecture": "amd64",
                "cores": 2,
                "units": 1024
              }
            ],
            "description": "",
            "disk": [
              {
                "datastore_id": "local",
                "size": 10
              }
            ],
            "features": [],
            "hook_script_file_id": null,
            "id": "100",
            "initialization": [
              {
                "dns": [
                  {
                    "domain": "10.0.0.250",
                    "server": "",
                    "servers": [
                      "10.0.0.250"
                    ]
                  }
                ],
                "hostname": "LXC-ubuntu-router-1",
                "ip_config": [
                  {
                    "ipv4": [
                      {
                        "address": "192.168.1.100/24",
                        "gateway": "192.168.1.1"
                      }
                    ],
                    "ipv6": []
                  },
                  {
                    "ipv4": [
                      {
                        "address": "192.168.2.100/24",
                        "gateway": "192.168.1.1"
                      }
                    ],
                    "ipv6": []
                  },
                  {
                    "ipv4": [
                      {
                        "address": "192.168.3.100/24",
                        "gateway": "192.168.1.1"
                      }
                    ],
                    "ipv6": []
                  }
                ],
                "user_account": [
                  {
                    "keys": [
                      "ssh-ed25519 AAAAC3NzaC1lZDI1NTE5AAAAIAlGhVOjcg+fhOQnF5UXgTfCJr2lTSRdmJO5zeDxcEbR root@tfg2010",
                      "ssh-ed25519 AAAAC3NzaC1lZDI1NTE5AAAAIKskyaMLTz3C97I8k1gGQLWu/oxrNfBESq241A68GCbN ansible@tfg2010"
                    ],
                    "password": "Root1Root1"
                  }
                ]
              }
            ],
            "memory": [
              {
                "dedicated": 512,
                "swap": 0
              }
            ],
            "mount_point": [],
            "network_interface": [
              {
                "bridge": "vmbr0",
                "enabled": true,
                "firewall": false,
                "mac_address": "BC:24:11:94:03:71",
                "mtu": 0,
                "name": "eth0",
                "rate_limit": 0,
                "vlan_id": 0
              },
              {
                "bridge": "vmbr0",
                "enabled": true,
                "firewall": false,
                "mac_address": "BC:24:11:A0:05:6A",
                "mtu": 0,
                "name": "eth1",
                "rate_limit": 0,
                "vlan_id": 0
              },
              {
                "bridge": "vmbr0",
                "enabled": true,
                "firewall": false,
                "mac_address": "BC:24:11:88:E6:A8",
                "mtu": 0,
                "name": "eth2",
                "rate_limit": 0,
                "vlan_id": 0
              }
            ],
            "node_name": "tfg2010",
            "operating_system": [
              {
                "template_file_id": "local:vztmpl/ubuntu-22.04-standard_22.04-1_amd64.tar.zst",
                "type": "ubuntu"
              }
            ],
            "pool_id": null,
            "start_on_boot": true,
            "started": true,
            "startup": [],
            "tags": null,
            "template": false,
            "timeout_clone": 1800,
            "timeout_create": 3000,
            "timeout_delete": 60,
            "timeout_start": 300,
            "timeout_update": 1800,
            "unprivileged": false,
            "vm_id": 100
          },
          "sensitive_attributes": [
            [
              {
                "type": "get_attr",
                "value": "initialization"
              },
              {
                "type": "index",
                "value": {
                  "value": 0,
                  "type": "number"
                }
              },
              {
                "type": "get_attr",
                "value": "user_account"
              },
              {
                "type": "index",
                "value": {
                  "value": 0,
                  "type": "number"
                }
              },
              {
                "type": "get_attr",
                "value": "password"
              }
            ]
          ],
          "private": "bnVsbA==",
          "dependencies": [
            "proxmox_virtual_environment_vm.VM_Kali_Attacker"
          ]
        }
      ]
    },
    {
      "mode": "managed",
      "type": "proxmox_virtual_environment_vm",
      "name": "VM_Kali_Attacker",
      "provider": "provider[\"registry.terraform.io/bpg/proxmox\"]",
      "instances": [
        {
          "index_key": 0,
          "schema_version": 0,
          "attributes": {
            "acpi": true,
            "agent": [
              {
                "enabled": true,
                "timeout": "15m",
                "trim": false,
                "type": "virtio"
              }
            ],
            "audio_device": [],
            "bios": "seabios",
            "boot_order": null,
            "cdrom": [],
            "clone": [
              {
                "datastore_id": "local",
                "full": true,
                "node_name": "",
                "retries": 8,
                "vm_id": 1000
              }
            ],
            "cpu": [
              {
                "affinity": "",
                "architecture": "x86_64",
                "cores": 4,
                "flags": null,
                "hotplugged": 0,
                "limit": 0,
                "numa": false,
                "sockets": 1,
                "type": "host",
                "units": 1024
              }
            ],
            "description": null,
            "disk": [
              {
                "aio": "io_uring",
                "backup": true,
                "cache": "none",
                "datastore_id": "local",
                "discard": "ignore",
                "file_format": "qcow2",
                "file_id": "",
                "interface": "scsi0",
                "iothread": true,
                "path_in_datastore": "200/vm-200-disk-0.qcow2",
                "replicate": true,
                "size": 80,
                "speed": [],
                "ssd": false
              }
            ],
            "efi_disk": [],
            "hook_script_file_id": null,
            "hostpci": [],
            "id": "200",
            "initialization": [
              {
                "datastore_id": "local",
                "dns": [
                  {
                    "domain": "10.0.0.250",
                    "server": "",
                    "servers": [
                      "10.0.0.250"
                    ]
                  }
                ],
                "interface": "ide0",
                "ip_config": [
                  {
                    "ipv4": [
                      {
                        "address": "192.168.1.101/24",
                        "gateway": "192.168.1.1"
                      }
                    ],
                    "ipv6": []
                  },
                  {
                    "ipv4": [
                      {
                        "address": "192.168.2.101/24",
                        "gateway": "192.168.2.100"
                      }
                    ],
                    "ipv6": []
                  }
                ],
                "meta_data_file_id": "",
                "network_data_file_id": "",
                "type": "",
                "upgrade": false,
                "user_account": [
                  {
                    "keys": [
                      "ssh-ed25519 AAAAC3NzaC1lZDI1NTE5AAAAIAlGhVOjcg+fhOQnF5UXgTfCJr2lTSRdmJO5zeDxcEbR root@tfg2010",
                      "ssh-ed25519 AAAAC3NzaC1lZDI1NTE5AAAAIKskyaMLTz3C97I8k1gGQLWu/oxrNfBESq241A68GCbN ansible@tfg2010"
                    ],
                    "password": "**********",
                    "username": "kali"
                  }
                ],
                "user_data_file_id": "",
                "vendor_data_file_id": ""
              }
            ],
            "ipv4_addresses": [
              [
                "127.0.0.1"
              ],
              [
                "192.168.1.101"
              ],
              [
                "192.168.2.101"
              ]
            ],
            "ipv6_addresses": [
              [
                "::1"
              ],
              [
                "fe80::be24:11ff:feb0:a7b6"
              ],
              [
                "fe80::be24:11ff:fe92:9213"
              ]
            ],
            "keyboard_layout": "es",
            "kvm_arguments": null,
            "mac_addresses": [
              "00:00:00:00:00:00",
              "BC:24:11:B0:A7:B6",
              "BC:24:11:92:92:13"
            ],
            "machine": null,
            "memory": [
              {
                "dedicated": 4096,
                "floating": 0,
                "hugepages": "",
                "keep_hugepages": false,
                "shared": 0
              }
            ],
            "migrate": false,
            "name": "kali-1",
            "network_device": [
              {
                "bridge": "vmbr0",
                "disconnected": false,
                "enabled": true,
                "firewall": false,
                "mac_address": "BC:24:11:B0:A7:B6",
                "model": "virtio",
                "mtu": 0,
                "queues": 0,
                "rate_limit": 0,
                "trunks": "",
                "vlan_id": 0
              },
              {
                "bridge": "vmbr0",
                "disconnected": false,
                "enabled": true,
                "firewall": false,
                "mac_address": "BC:24:11:92:92:13",
                "model": "virtio",
                "mtu": 0,
                "queues": 0,
                "rate_limit": 0,
                "trunks": "",
                "vlan_id": 0
              }
            ],
            "network_interface_names": [
              "lo",
              "eth0",
              "eth1"
            ],
            "node_name": "tfg2010",
            "numa": [],
            "on_boot": true,
            "operating_system": [],
            "pool_id": null,
            "protection": false,
            "reboot": false,
            "scsi_hardware": "virtio-scsi-single",
            "serial_device": [],
            "smbios": [],
            "started": true,
            "startup": [],
            "stop_on_destroy": false,
            "tablet_device": true,
            "tags": null,
            "template": false,
            "timeout_clone": 3000,
            "timeout_create": 3000,
            "timeout_migrate": 1800,
            "timeout_move_disk": 1800,
            "timeout_reboot": 1800,
            "timeout_shutdown_vm": 1800,
            "timeout_start_vm": 1800,
            "timeout_stop_vm": 300,
            "tpm_state": [],
            "usb": [],
            "vga": [
              {
                "enabled": true,
                "memory": 0,
                "type": ""
              }
            ],
            "vm_id": 200
          },
          "sensitive_attributes": [
            [
              {
                "type": "get_attr",
                "value": "initialization"
              },
              {
                "type": "index",
                "value": {
                  "value": 0,
                  "type": "number"
                }
              },
              {
                "type": "get_attr",
                "value": "user_account"
              },
              {
                "type": "index",
                "value": {
                  "value": 0,
                  "type": "number"
                }
              },
              {
                "type": "get_attr",
                "value": "password"
              }
            ]
          ],
          "private": "bnVsbA=="
        }
      ]
    }
  ],
  "check_results": null
}
