{
  "version": 4,
  "terraform_version": "1.7.4",
  "serial": 4,
  "lineage": "fdf2748e-11bb-e43e-5d82-c24e5cc2cb3a",
  "outputs": {},
  "resources": [
    {
      "mode": "managed",
      "type": "proxmox_lxc",
      "name": "LXC_DMZ",
      "provider": "provider[\"registry.terraform.io/telmate/proxmox\"]",
      "instances": [
        {
          "index_key": 0,
          "schema_version": 0,
          "attributes": {
            "arch": "amd64",
            "bwlimit": 0,
            "clone": null,
            "clone_storage": null,
            "cmode": "tty",
            "console": true,
            "cores": 1,
            "cpulimit": 0,
            "cpuunits": 1024,
            "description": "",
            "features": [],
            "force": false,
            "full": null,
            "hagroup": "",
            "hastate": "",
            "hookscript": "",
            "hostname": "test-lxc-dmz-1",
            "id": "tfg2010/lxc/300",
            "ignore_unpack_errors": false,
            "lock": "",
            "memory": 512,
            "mountpoint": [],
            "nameserver": "",
            "network": [
              {
                "bridge": "vmbr0",
                "firewall": false,
                "gw": "192.168.1.1",
                "gw6": "",
                "hwaddr": "BC:24:11:AE:04:EE",
                "id": 0,
                "ip": "192.168.1.102/24",
                "ip6": "",
                "mtu": 0,
                "name": "eth0",
                "rate": 0,
                "tag": 0,
                "trunks": "",
                "type": "veth"
              },
              {
                "bridge": "vmbr0",
                "firewall": false,
                "gw": "192.168.3.100",
                "gw6": "",
                "hwaddr": "BC:24:11:96:F2:15",
                "id": 1,
                "ip": "192.168.3.101/24",
                "ip6": "",
                "mtu": 0,
                "name": "eth1",
                "rate": 0,
                "tag": 0,
                "trunks": "",
                "type": "veth"
              }
            ],
            "onboot": false,
            "ostemplate": "local:vztmpl/ubuntu-22.04-standard_22.04-1_amd64.tar.zst",
            "ostype": "ubuntu",
            "password": "Root1Root1",
            "pool": null,
            "protection": false,
            "restore": false,
            "rootfs": [
              {
                "acl": false,
                "quota": false,
                "replicate": false,
                "ro": false,
                "shared": false,
                "size": "2G",
                "storage": "local",
                "volume": "local:300/vm-300-disk-0.raw"
              }
            ],
            "searchdomain": "",
            "ssh_public_keys": "ssh-ed25519 AAAAC3NzaC1lZDI1NTE5AAAAIKskyaMLTz3C97I8k1gGQLWu/oxrNfBESq241A68GCbN ansible@tfg2010\r\nssh-ed25519 AAAAC3NzaC1lZDI1NTE5AAAAIAlGhVOjcg+fhOQnF5UXgTfCJr2lTSRdmJO5zeDxcEbR root@tfg2010\r\n",
            "start": true,
            "startup": "",
            "swap": 0,
            "tags": "",
            "target_node": "tfg2010",
            "template": false,
            "timeouts": null,
            "tty": 2,
            "unique": false,
            "unprivileged": false,
            "unused": [],
            "vmid": 300
          },
          "sensitive_attributes": [
            [
              {
                "type": "get_attr",
                "value": "password"
              }
            ]
          ],
          "private": "eyJlMmJmYjczMC1lY2FhLTExZTYtOGY4OC0zNDM2M2JjN2M0YzAiOnsiY3JlYXRlIjoxMjAwMDAwMDAwMDAwLCJkZWZhdWx0IjoxMjAwMDAwMDAwMDAwLCJkZWxldGUiOjEyMDAwMDAwMDAwMDAsInJlYWQiOjEyMDAwMDAwMDAwMDAsInVwZGF0ZSI6MTIwMDAwMDAwMDAwMH19"
        }
      ]
    },
    {
      "mode": "managed",
      "type": "proxmox_lxc",
      "name": "LXC_router",
      "provider": "provider[\"registry.terraform.io/telmate/proxmox\"]",
      "instances": [
        {
          "index_key": 0,
          "schema_version": 0,
          "attributes": {
            "arch": "amd64",
            "bwlimit": 0,
            "clone": null,
            "clone_storage": null,
            "cmode": "tty",
            "console": true,
            "cores": 1,
            "cpulimit": 0,
            "cpuunits": 1024,
            "description": "",
            "features": [],
            "force": false,
            "full": null,
            "hagroup": "",
            "hastate": "",
            "hookscript": "",
            "hostname": "test-lxc-router-1",
            "id": "tfg2010/lxc/100",
            "ignore_unpack_errors": false,
            "lock": "",
            "memory": 512,
            "mountpoint": [],
            "nameserver": "",
            "network": [
              {
                "bridge": "vmbr0",
                "firewall": false,
                "gw": "192.168.1.1",
                "gw6": "",
                "hwaddr": "BC:24:11:39:20:9A",
                "id": 0,
                "ip": "192.168.1.100/24",
                "ip6": "",
                "mtu": 0,
                "name": "eth0",
                "rate": 0,
                "tag": 0,
                "trunks": "",
                "type": "veth"
              },
              {
                "bridge": "vmbr0",
                "firewall": false,
                "gw": "",
                "gw6": "",
                "hwaddr": "BC:24:11:1A:2B:6E",
                "id": 1,
                "ip": "192.168.2.100/24",
                "ip6": "",
                "mtu": 0,
                "name": "eth1",
                "rate": 0,
                "tag": 0,
                "trunks": "",
                "type": "veth"
              },
              {
                "bridge": "vmbr0",
                "firewall": false,
                "gw": "",
                "gw6": "",
                "hwaddr": "BC:24:11:4B:7D:19",
                "id": 2,
                "ip": "192.168.3.100/24",
                "ip6": "",
                "mtu": 0,
                "name": "eth2",
                "rate": 0,
                "tag": 0,
                "trunks": "",
                "type": "veth"
              }
            ],
            "onboot": false,
            "ostemplate": "local:vztmpl/ubuntu-22.04-standard_22.04-1_amd64.tar.zst",
            "ostype": "ubuntu",
            "password": "Root1Root1",
            "pool": null,
            "protection": false,
            "restore": false,
            "rootfs": [
              {
                "acl": false,
                "quota": false,
                "replicate": false,
                "ro": false,
                "shared": false,
                "size": "2G",
                "storage": "local",
                "volume": "local:100/vm-100-disk-0.raw"
              }
            ],
            "searchdomain": "",
            "ssh_public_keys": "ssh-ed25519 AAAAC3NzaC1lZDI1NTE5AAAAIKskyaMLTz3C97I8k1gGQLWu/oxrNfBESq241A68GCbN ansible@tfg2010\r\nssh-ed25519 AAAAC3NzaC1lZDI1NTE5AAAAIAlGhVOjcg+fhOQnF5UXgTfCJr2lTSRdmJO5zeDxcEbR root@tfg2010\r\n",
            "start": true,
            "startup": "",
            "swap": 0,
            "tags": "",
            "target_node": "tfg2010",
            "template": false,
            "timeouts": null,
            "tty": 2,
            "unique": false,
            "unprivileged": false,
            "unused": [],
            "vmid": 100
          },
          "sensitive_attributes": [
            [
              {
                "type": "get_attr",
                "value": "password"
              }
            ]
          ],
          "private": "eyJlMmJmYjczMC1lY2FhLTExZTYtOGY4OC0zNDM2M2JjN2M0YzAiOnsiY3JlYXRlIjoxMjAwMDAwMDAwMDAwLCJkZWZhdWx0IjoxMjAwMDAwMDAwMDAwLCJkZWxldGUiOjEyMDAwMDAwMDAwMDAsInJlYWQiOjEyMDAwMDAwMDAwMDAsInVwZGF0ZSI6MTIwMDAwMDAwMDAwMH19"
        }
      ]
    },
    {
      "mode": "managed",
      "type": "proxmox_vm_qemu",
      "name": "VM_Atacante",
      "provider": "provider[\"registry.terraform.io/telmate/proxmox\"]",
      "instances": [
        {
          "index_key": 0,
          "status": "tainted",
          "schema_version": 0,
          "attributes": {
            "additional_wait": 5,
            "agent": 1,
            "args": null,
            "automatic_reboot": true,
            "balloon": 0,
            "bios": "seabios",
            "boot": "order=scsi0;ide2;net0",
            "bootdisk": "scsi0",
            "bridge": null,
            "ci_wait": null,
            "cicustom": null,
            "cipassword": "Root1Root1",
            "ciuser": null,
            "clone": "template-kali",
            "clone_wait": 10,
            "cloudinit_cdrom_storage": "local",
            "cores": 4,
            "cpu": "host",
            "default_ipv4_address": null,
            "define_connection_info": true,
            "desc": null,
            "disk": [],
            "disk_gb": null,
            "disks": [
              {
                "ide": [],
                "sata": [],
                "scsi": [
                  {
                    "scsi0": [
                      {
                        "cdrom": [],
                        "disk": [
                          {
                            "asyncio": "",
                            "backup": true,
                            "cache": "",
                            "discard": false,
                            "emulatessd": false,
                            "format": "raw",
                            "id": 0,
                            "iops_r_burst": 0,
                            "iops_r_burst_length": 0,
                            "iops_r_concurrent": 0,
                            "iops_wr_burst": 0,
                            "iops_wr_burst_length": 0,
                            "iops_wr_concurrent": 0,
                            "iothread": false,
                            "linked_disk_id": 0,
                            "mbps_r_burst": 0,
                            "mbps_r_concurrent": 0,
                            "mbps_wr_burst": 0,
                            "mbps_wr_concurrent": 0,
                            "readonly": false,
                            "replicate": false,
                            "serial": "",
                            "size": 20,
                            "storage": "local",
                            "wwn": ""
                          }
                        ],
                        "passthrough": []
                      }
                    ],
                    "scsi1": [],
                    "scsi10": [],
                    "scsi11": [],
                    "scsi12": [],
                    "scsi13": [],
                    "scsi14": [],
                    "scsi15": [],
                    "scsi16": [],
                    "scsi17": [],
                    "scsi18": [],
                    "scsi19": [],
                    "scsi2": [],
                    "scsi20": [],
                    "scsi21": [],
                    "scsi22": [],
                    "scsi23": [],
                    "scsi24": [],
                    "scsi25": [],
                    "scsi26": [],
                    "scsi27": [],
                    "scsi28": [],
                    "scsi29": [],
                    "scsi3": [],
                    "scsi30": [],
                    "scsi4": [],
                    "scsi5": [],
                    "scsi6": [],
                    "scsi7": [],
                    "scsi8": [],
                    "scsi9": []
                  }
                ],
                "virtio": []
              }
            ],
            "efidisk": [],
            "force_create": false,
            "force_recreate_on_change_of": null,
            "full_clone": true,
            "guest_agent_ready_timeout": 100,
            "hagroup": null,
            "hastate": null,
            "hostpci": [],
            "hotplug": "network,disk,usb",
            "id": "tfg2010/qemu/200",
            "ipconfig0": "ip=192.168.1.101/24,gw=192.168.1.1",
            "ipconfig1": null,
            "ipconfig10": null,
            "ipconfig11": null,
            "ipconfig12": null,
            "ipconfig13": null,
            "ipconfig14": null,
            "ipconfig15": null,
            "ipconfig2": null,
            "ipconfig3": null,
            "ipconfig4": null,
            "ipconfig5": null,
            "ipconfig6": null,
            "ipconfig7": null,
            "ipconfig8": null,
            "ipconfig9": null,
            "iso": null,
            "kvm": true,
            "linked_vmid": null,
            "mac": null,
            "machine": null,
            "memory": 4096,
            "name": "kali-1",
            "nameserver": "10.0.0.250",
            "network": [
              {
                "bridge": "vmbr0",
                "firewall": false,
                "link_down": false,
                "macaddr": "",
                "model": "virtio",
                "mtu": 0,
                "queues": 0,
                "rate": 0,
                "tag": -1
              }
            ],
            "nic": null,
            "numa": null,
            "onboot": false,
            "oncreate": false,
            "os_network_config": null,
            "os_type": "cloud-init",
            "pool": null,
            "preprovision": true,
            "pxe": null,
            "qemu_os": null,
            "reboot_required": null,
            "scsihw": "virtio-scsi-pci",
            "searchdomain": "10.0.0.250",
            "serial": [],
            "smbios": null,
            "sockets": 1,
            "ssh_forward_ip": null,
            "ssh_host": null,
            "ssh_port": null,
            "ssh_private_key": null,
            "ssh_user": null,
            "sshkeys": "  ssh-ed25519 AAAAC3NzaC1lZDI1NTE5AAAAIKskyaMLTz3C97I8k1gGQLWu/oxrNfBESq241A68GCbN ansible@tfg2010\r\n  ssh-ed25519 AAAAC3NzaC1lZDI1NTE5AAAAIAlGhVOjcg+fhOQnF5UXgTfCJr2lTSRdmJO5zeDxcEbR root@tfg2010\r\n",
            "startup": null,
            "storage": null,
            "storage_type": null,
            "tablet": true,
            "tags": null,
            "target_node": "tfg2010",
            "target_nodes": null,
            "timeouts": null,
            "unused_disk": null,
            "usb": [],
            "vcpus": 0,
            "vga": [],
            "vlan": -1,
            "vm_state": "running",
            "vmid": 200
          },
          "sensitive_attributes": [
            [
              {
                "type": "get_attr",
                "value": "cipassword"
              }
            ]
          ],
          "private": "eyJlMmJmYjczMC1lY2FhLTExZTYtOGY4OC0zNDM2M2JjN2M0YzAiOnsiY3JlYXRlIjoxMjAwMDAwMDAwMDAwLCJkZWZhdWx0IjoxMjAwMDAwMDAwMDAwLCJkZWxldGUiOjEyMDAwMDAwMDAwMDAsInJlYWQiOjEyMDAwMDAwMDAwMDAsInVwZGF0ZSI6MTIwMDAwMDAwMDAwMH19"
        }
      ]
    }
  ],
  "check_results": null
}
